
Microsoft Visual Studio Solution File, Format Version 12.00
# Visual Studio Version 17
VisualStudioVersion = 17.9.34607.119
MinimumVisualStudioVersion = 10.0.40219.1
Project("{FAE04EC0-301F-11D3-BF4B-00C04F79EFBC}") = "guichetauto_projet", "guichetauto_projet.csproj", "{F841D3AB-9C2E-4FBE-ABD2-44F5269917C5}"
EndProject
Global
	GlobalSection(SolutionConfigurationPlatforms) = preSolution
		Debug|Any CPU = Debug|Any CPU
		Release|Any CPU = Release|Any CPU
	EndGlobalSection
	GlobalSection(ProjectConfigurationPlatforms) = postSolution
		{F841D3AB-9C2E-4FBE-ABD2-44F5269917C5}.Debug|Any CPU.ActiveCfg = Debug|Any CPU
		{F841D3AB-9C2E-4FBE-ABD2-44F5269917C5}.Debug|Any CPU.Build.0 = Debug|Any CPU
		{F841D3AB-9C2E-4FBE-ABD2-44F5269917C5}.Release|Any CPU.ActiveCfg = Release|Any CPU
		{F841D3AB-9C2E-4FBE-ABD2-44F5269917C5}.Release|Any CPU.Build.0 = Release|Any CPU
	EndGlobalSection
	GlobalSection(SolutionProperties) = preSolution
		HideSolutionNode = FALSE
	EndGlobalSection
	GlobalSection(ExtensibilityGlobals) = postSolution
		SolutionGuid = {60B2BED4-96D8-4471-97FD-819B3542933E}
	EndGlobalSection
EndGlobal
